
Microsoft Visual Studio Solution File, Format Version 12.00
# Visual Studio 15
VisualStudioVersion = 15.0.28010.2019
MinimumVisualStudioVersion = 10.0.40219.1
Project("{FAE04EC0-301F-11D3-BF4B-00C04F79EFBC}") = "QuestionSystem1", "QuestionSystem1\QuestionSystem1.csproj", "{55AD4749-453F-43B2-8E9B-8242B815CAD4}"
EndProject
Project("{FAE04EC0-301F-11D3-BF4B-00C04F79EFBC}") = "NetCoreApp", "NetCoreApp\NetCoreApp.csproj", "{75508777-3DA4-4CA7-9329-B6A6AF46C1F5}"
EndProject
Global
	GlobalSection(SolutionConfigurationPlatforms) = preSolution
		Debug|Any CPU = Debug|Any CPU
		Release|Any CPU = Release|Any CPU
	EndGlobalSection
	GlobalSection(ProjectConfigurationPlatforms) = postSolution
		{55AD4749-453F-43B2-8E9B-8242B815CAD4}.Debug|Any CPU.ActiveCfg = Debug|Any CPU
		{55AD4749-453F-43B2-8E9B-8242B815CAD4}.Debug|Any CPU.Build.0 = Debug|Any CPU
		{55AD4749-453F-43B2-8E9B-8242B815CAD4}.Release|Any CPU.ActiveCfg = Release|Any CPU
		{55AD4749-453F-43B2-8E9B-8242B815CAD4}.Release|Any CPU.Build.0 = Release|Any CPU
		{75508777-3DA4-4CA7-9329-B6A6AF46C1F5}.Debug|Any CPU.ActiveCfg = Debug|Any CPU
		{75508777-3DA4-4CA7-9329-B6A6AF46C1F5}.Debug|Any CPU.Build.0 = Debug|Any CPU
		{75508777-3DA4-4CA7-9329-B6A6AF46C1F5}.Release|Any CPU.ActiveCfg = Release|Any CPU
		{75508777-3DA4-4CA7-9329-B6A6AF46C1F5}.Release|Any CPU.Build.0 = Release|Any CPU
	EndGlobalSection
	GlobalSection(SolutionProperties) = preSolution
		HideSolutionNode = FALSE
	EndGlobalSection
	GlobalSection(ExtensibilityGlobals) = postSolution
		SolutionGuid = {561A9FC5-11B1-4B37-B7D8-F1EBE1D5D330}
	EndGlobalSection
EndGlobal
